
Microsoft Visual Studio Solution File, Format Version 12.00
Project("{2150E333-8FDC-42A3-9474-1A3956D46DE8}") = "Solution Items", "Solution Items", "{A9DC2454-5ADC-4116-918E-7A12B2D3637A}"
	ProjectSection(SolutionItems) = preProject
		compose.yaml = compose.yaml
	EndProjectSection
EndProject

Project("{2150E333-8FDC-42A3-9474-1A3956D46DE8}") = "src", "src", "{11111111-1111-1111-1111-111111111111}"
EndProject

Project("{FAE04EC0-301F-11D3-BF4B-00C04F79EFBC}") = "Ogur.Sentinel.Worker", "src\\Ogur.Sentinel.Worker\\Ogur.Sentinel.Worker.csproj", "{3B078492-75B1-45AC-BDF7-98BE078170B2}"
EndProject
Project("{FAE04EC0-301F-11D3-BF4B-00C04F79EFBC}") = "Ogur.Sentinel.Core", "src\Ogur.Sentinel.Core\Ogur.Sentinel.Core.csproj", "{9CDC9EB4-30F1-4BF3-96B6-1551D7EED018}"
EndProject
Project("{FAE04EC0-301F-11D3-BF4B-00C04F79EFBC}") = "Ogur.Sentinel.Abstractions", "src\Ogur.Sentinel.Abstractions\Ogur.Sentinel.Abstractions.csproj", "{56CE6BEC-3714-4330-A18C-0AC92A2115BF}"
EndProject
Project("{FAE04EC0-301F-11D3-BF4B-00C04F79EFBC}") = "Ogur.Sentinel.Api", "src\Ogur.Sentinel.Api\Ogur.Sentinel.Api.csproj", "{3A8AD1CF-9286-4F31-9926-631CF7852B85}"
EndProject
Project("{FAE04EC0-301F-11D3-BF4B-00C04F79EFBC}") = "Ogur.Sentinel.Desktop", "src\Ogur.Sentinel.Desktop\Ogur.Sentinel.Desktop.csproj", "{E958C7AC-2535-4504-8F50-1B4F85718A6D}"
EndProject

Global
	GlobalSection(SolutionConfigurationPlatforms) = preSolution
		Debug|Any CPU = Debug|Any CPU
		Release|Any CPU = Release|Any CPU
	EndGlobalSection

	GlobalSection(ProjectConfigurationPlatforms) = postSolution
		{3B078492-75B1-45AC-BDF7-98BE078170B2}.Debug|Any CPU.ActiveCfg = Debug|Any CPU
		{3B078492-75B1-45AC-BDF7-98BE078170B2}.Debug|Any CPU.Build.0 = Debug|Any CPU
		{3B078492-75B1-45AC-BDF7-98BE078170B2}.Release|Any CPU.ActiveCfg = Release|Any CPU
		{3B078492-75B1-45AC-BDF7-98BE078170B2}.Release|Any CPU.Build.0 = Release|Any CPU
		{9CDC9EB4-30F1-4BF3-96B6-1551D7EED018}.Debug|Any CPU.ActiveCfg = Debug|Any CPU
		{9CDC9EB4-30F1-4BF3-96B6-1551D7EED018}.Debug|Any CPU.Build.0 = Debug|Any CPU
		{9CDC9EB4-30F1-4BF3-96B6-1551D7EED018}.Release|Any CPU.ActiveCfg = Release|Any CPU
		{9CDC9EB4-30F1-4BF3-96B6-1551D7EED018}.Release|Any CPU.Build.0 = Release|Any CPU
		{56CE6BEC-3714-4330-A18C-0AC92A2115BF}.Debug|Any CPU.ActiveCfg = Debug|Any CPU
		{56CE6BEC-3714-4330-A18C-0AC92A2115BF}.Debug|Any CPU.Build.0 = Debug|Any CPU
		{56CE6BEC-3714-4330-A18C-0AC92A2115BF}.Release|Any CPU.ActiveCfg = Release|Any CPU
		{56CE6BEC-3714-4330-A18C-0AC92A2115BF}.Release|Any CPU.Build.0 = Release|Any CPU
		{3A8AD1CF-9286-4F31-9926-631CF7852B85}.Debug|Any CPU.ActiveCfg = Debug|Any CPU
		{3A8AD1CF-9286-4F31-9926-631CF7852B85}.Debug|Any CPU.Build.0 = Debug|Any CPU
		{3A8AD1CF-9286-4F31-9926-631CF7852B85}.Release|Any CPU.ActiveCfg = Release|Any CPU
		{3A8AD1CF-9286-4F31-9926-631CF7852B85}.Release|Any CPU.Build.0 = Release|Any CPU
		{E958C7AC-2535-4504-8F50-1B4F85718A6D}.Debug|Any CPU.ActiveCfg = Debug|Any CPU
		{E958C7AC-2535-4504-8F50-1B4F85718A6D}.Debug|Any CPU.Build.0 = Debug|Any CPU
		{E958C7AC-2535-4504-8F50-1B4F85718A6D}.Release|Any CPU.ActiveCfg = Release|Any CPU
		{E958C7AC-2535-4504-8F50-1B4F85718A6D}.Release|Any CPU.Build.0 = Release|Any CPU
	EndGlobalSection

	GlobalSection(NestedProjects) = preSolution
		{3B078492-75B1-45AC-BDF7-98BE078170B2} = {11111111-1111-1111-1111-111111111111}
		{9CDC9EB4-30F1-4BF3-96B6-1551D7EED018} = {11111111-1111-1111-1111-111111111111}
		{56CE6BEC-3714-4330-A18C-0AC92A2115BF} = {11111111-1111-1111-1111-111111111111}
		{3A8AD1CF-9286-4F31-9926-631CF7852B85} = {11111111-1111-1111-1111-111111111111}
	   	{E958C7AC-2535-4504-8F50-1B4F85718A6D} = {11111111-1111-1111-1111-111111111111}

	EndGlobalSection
EndGlobal
